
Microsoft Visual Studio Solution File, Format Version 12.00
# Visual Studio Version 16
VisualStudioVersion = 16.0.29409.12
MinimumVisualStudioVersion = 10.0.40219.1
Project("{9A19103F-16F7-4668-BE54-9A1E7A4F7556}") = "DataStructuresAndAlgorithm", "DataStructuresAndAlgorithm.csproj", "{E56022D0-2DC5-4B6E-8CA0-14FE5623EBB0}"
EndProject
Project("{FAE04EC0-301F-11D3-BF4B-00C04F79EFBC}") = "Chinken01", "..\Chinken01\Chinken01.csproj", "{E569E8D8-A174-4DB7-BF30-B472C7DB57B7}"
EndProject
Global
	GlobalSection(SolutionConfigurationPlatforms) = preSolution
		Debug|Any CPU = Debug|Any CPU
		Release|Any CPU = Release|Any CPU
	EndGlobalSection
	GlobalSection(ProjectConfigurationPlatforms) = postSolution
		{E56022D0-2DC5-4B6E-8CA0-14FE5623EBB0}.Debug|Any CPU.ActiveCfg = Debug|Any CPU
		{E56022D0-2DC5-4B6E-8CA0-14FE5623EBB0}.Debug|Any CPU.Build.0 = Debug|Any CPU
		{E56022D0-2DC5-4B6E-8CA0-14FE5623EBB0}.Release|Any CPU.ActiveCfg = Release|Any CPU
		{E56022D0-2DC5-4B6E-8CA0-14FE5623EBB0}.Release|Any CPU.Build.0 = Release|Any CPU
		{E569E8D8-A174-4DB7-BF30-B472C7DB57B7}.Debug|Any CPU.ActiveCfg = Debug|Any CPU
		{E569E8D8-A174-4DB7-BF30-B472C7DB57B7}.Debug|Any CPU.Build.0 = Debug|Any CPU
		{E569E8D8-A174-4DB7-BF30-B472C7DB57B7}.Release|Any CPU.ActiveCfg = Release|Any CPU
		{E569E8D8-A174-4DB7-BF30-B472C7DB57B7}.Release|Any CPU.Build.0 = Release|Any CPU
	EndGlobalSection
	GlobalSection(SolutionProperties) = preSolution
		HideSolutionNode = FALSE
	EndGlobalSection
	GlobalSection(ExtensibilityGlobals) = postSolution
		SolutionGuid = {874D86FA-4802-454C-A33A-F366B4D5E001}
	EndGlobalSection
EndGlobal
