
Microsoft Visual Studio Solution File, Format Version 12.00
# Visual Studio Version 16
VisualStudioVersion = 16.0.29409.12
MinimumVisualStudioVersion = 10.0.40219.1
Project("{9A19103F-16F7-4668-BE54-9A1E7A4F7556}") = "DS01.Chicken", "..\DS01.Chicken\DS01.Chicken.csproj", "{2EA6107F-DFA3-4456-8A01-1F8EB2CA43BC}"
EndProject
Project("{9A19103F-16F7-4668-BE54-9A1E7A4F7556}") = "DS02.AI", "..\DS02.AI\DS02.AI.csproj", "{2926B75B-6389-48D9-BB21-820F5833E3A5}"
EndProject
Project("{FAE04EC0-301F-11D3-BF4B-00C04F79EFBC}") = "DS03.Poker", "..\Poker\Poker\DS03.Poker.csproj", "{A0B16CB8-2048-43E2-9B3C-FCD3C69035AA}"
EndProject
Project("{9A19103F-16F7-4668-BE54-9A1E7A4F7556}") = "DS04.AverageAge", "..\AverageAge\AverageAge\DS04.AverageAge.csproj", "{AD82AEF3-1F43-409D-B084-B25F4639746B}"
EndProject
Project("{9A19103F-16F7-4668-BE54-9A1E7A4F7556}") = "DS05.ClassDictionaries", "..\DS05.ClassDictionaries\DS05.ClassDictionaries.csproj", "{01BDBDA3-17B7-40FB-A485-A97C1EB9A455}"
EndProject
Project("{FAE04EC0-301F-11D3-BF4B-00C04F79EFBC}") = "DS06.BinarySTree", "DS06.BinarySTree\DS06.BinarySTree.csproj", "{50718D3C-9ED5-4CBD-B40A-661E80C2EF07}"
EndProject
Global
	GlobalSection(SolutionConfigurationPlatforms) = preSolution
		Debug|Any CPU = Debug|Any CPU
		Release|Any CPU = Release|Any CPU
	EndGlobalSection
	GlobalSection(ProjectConfigurationPlatforms) = postSolution
		{2EA6107F-DFA3-4456-8A01-1F8EB2CA43BC}.Debug|Any CPU.ActiveCfg = Debug|Any CPU
		{2EA6107F-DFA3-4456-8A01-1F8EB2CA43BC}.Debug|Any CPU.Build.0 = Debug|Any CPU
		{2EA6107F-DFA3-4456-8A01-1F8EB2CA43BC}.Release|Any CPU.ActiveCfg = Release|Any CPU
		{2EA6107F-DFA3-4456-8A01-1F8EB2CA43BC}.Release|Any CPU.Build.0 = Release|Any CPU
		{2926B75B-6389-48D9-BB21-820F5833E3A5}.Debug|Any CPU.ActiveCfg = Debug|Any CPU
		{2926B75B-6389-48D9-BB21-820F5833E3A5}.Debug|Any CPU.Build.0 = Debug|Any CPU
		{2926B75B-6389-48D9-BB21-820F5833E3A5}.Release|Any CPU.ActiveCfg = Release|Any CPU
		{2926B75B-6389-48D9-BB21-820F5833E3A5}.Release|Any CPU.Build.0 = Release|Any CPU
		{A0B16CB8-2048-43E2-9B3C-FCD3C69035AA}.Debug|Any CPU.ActiveCfg = Debug|Any CPU
		{A0B16CB8-2048-43E2-9B3C-FCD3C69035AA}.Debug|Any CPU.Build.0 = Debug|Any CPU
		{A0B16CB8-2048-43E2-9B3C-FCD3C69035AA}.Release|Any CPU.ActiveCfg = Release|Any CPU
		{A0B16CB8-2048-43E2-9B3C-FCD3C69035AA}.Release|Any CPU.Build.0 = Release|Any CPU
		{AD82AEF3-1F43-409D-B084-B25F4639746B}.Debug|Any CPU.ActiveCfg = Debug|Any CPU
		{AD82AEF3-1F43-409D-B084-B25F4639746B}.Debug|Any CPU.Build.0 = Debug|Any CPU
		{AD82AEF3-1F43-409D-B084-B25F4639746B}.Release|Any CPU.ActiveCfg = Release|Any CPU
		{AD82AEF3-1F43-409D-B084-B25F4639746B}.Release|Any CPU.Build.0 = Release|Any CPU
		{01BDBDA3-17B7-40FB-A485-A97C1EB9A455}.Debug|Any CPU.ActiveCfg = Debug|Any CPU
		{01BDBDA3-17B7-40FB-A485-A97C1EB9A455}.Debug|Any CPU.Build.0 = Debug|Any CPU
		{01BDBDA3-17B7-40FB-A485-A97C1EB9A455}.Release|Any CPU.ActiveCfg = Release|Any CPU
		{01BDBDA3-17B7-40FB-A485-A97C1EB9A455}.Release|Any CPU.Build.0 = Release|Any CPU
		{50718D3C-9ED5-4CBD-B40A-661E80C2EF07}.Debug|Any CPU.ActiveCfg = Debug|Any CPU
		{50718D3C-9ED5-4CBD-B40A-661E80C2EF07}.Debug|Any CPU.Build.0 = Debug|Any CPU
		{50718D3C-9ED5-4CBD-B40A-661E80C2EF07}.Release|Any CPU.ActiveCfg = Release|Any CPU
		{50718D3C-9ED5-4CBD-B40A-661E80C2EF07}.Release|Any CPU.Build.0 = Release|Any CPU
	EndGlobalSection
	GlobalSection(SolutionProperties) = preSolution
		HideSolutionNode = FALSE
	EndGlobalSection
	GlobalSection(ExtensibilityGlobals) = postSolution
		SolutionGuid = {29C4B0D9-733C-4558-9485-42E310C9DD42}
	EndGlobalSection
EndGlobal
